
Microsoft Visual Studio Solution File, Format Version 12.00
# Visual Studio Version 16
VisualStudioVersion = 16.0.29215.179
MinimumVisualStudioVersion = 10.0.40219.1
Project("{FAE04EC0-301F-11D3-BF4B-00C04F79EFBC}") = "Assignment2_F19", "Assignment2_F19.csproj", "{FC024142-AF71-40E2-B572-DA8E25B6BCF8}"
EndProject
Global
	GlobalSection(SolutionConfigurationPlatforms) = preSolution
		Debug|Any CPU = Debug|Any CPU
		Release|Any CPU = Release|Any CPU
	EndGlobalSection
	GlobalSection(ProjectConfigurationPlatforms) = postSolution
		{FC024142-AF71-40E2-B572-DA8E25B6BCF8}.Debug|Any CPU.ActiveCfg = Debug|Any CPU
		{FC024142-AF71-40E2-B572-DA8E25B6BCF8}.Debug|Any CPU.Build.0 = Debug|Any CPU
		{FC024142-AF71-40E2-B572-DA8E25B6BCF8}.Release|Any CPU.ActiveCfg = Release|Any CPU
		{FC024142-AF71-40E2-B572-DA8E25B6BCF8}.Release|Any CPU.Build.0 = Release|Any CPU
	EndGlobalSection
	GlobalSection(SolutionProperties) = preSolution
		HideSolutionNode = FALSE
	EndGlobalSection
	GlobalSection(ExtensibilityGlobals) = postSolution
		SolutionGuid = {334B2F9D-0170-4064-AFA1-55CA967EB6A7}
	EndGlobalSection
EndGlobal
